
Microsoft Visual Studio Solution File, Format Version 12.00
# Visual Studio 2013
VisualStudioVersion = 12.0.30501.0
MinimumVisualStudioVersion = 10.0.40219.1
Project("{2150E333-8FDC-42A3-9474-1A3956D46DE8}") = "Chicago", "Chicago", "{2E9DA677-57B9-4C60-A782-81461AB2366D}"
	ProjectSection(SolutionItems) = preProject
		chicago-app-controller.js = chicago-app-controller.js
		chicago-directives.js = chicago-directives.js
		HTMLPage1.html = HTMLPage1.html
		Styles.less = Styles.less
	EndProjectSection
EndProject
Global
	GlobalSection(SolutionProperties) = preSolution
		HideSolutionNode = FALSE
	EndGlobalSection
EndGlobal
